
Microsoft Visual Studio Solution File, Format Version 12.00
# Visual Studio 15
VisualStudioVersion = 15.0.26730.16
MinimumVisualStudioVersion = 10.0.40219.1
Project("{888888A0-9F3D-457C-B088-3A5042F75D52}") = "HiddenPond", "HiddenPond.pyproj", "{7AB8E556-A62E-45C5-88D9-D28C73562551}"
EndProject
Project("{888888A0-9F3D-457C-B088-3A5042F75D52}") = "django-dropbox", "..\django-dropbox\django-dropbox.pyproj", "{8737FC17-A13B-4987-8839-8E0CBE8F3133}"
EndProject
Global
	GlobalSection(SolutionConfigurationPlatforms) = preSolution
		Debug|Any CPU = Debug|Any CPU
		Release|Any CPU = Release|Any CPU
	EndGlobalSection
	GlobalSection(ProjectConfigurationPlatforms) = postSolution
		{7AB8E556-A62E-45C5-88D9-D28C73562551}.Debug|Any CPU.ActiveCfg = Debug|Any CPU
		{7AB8E556-A62E-45C5-88D9-D28C73562551}.Debug|Any CPU.Build.0 = Debug|Any CPU
		{7AB8E556-A62E-45C5-88D9-D28C73562551}.Release|Any CPU.ActiveCfg = Release|Any CPU
		{7AB8E556-A62E-45C5-88D9-D28C73562551}.Release|Any CPU.Build.0 = Release|Any CPU
		{8737FC17-A13B-4987-8839-8E0CBE8F3133}.Debug|Any CPU.ActiveCfg = Debug|Any CPU
		{8737FC17-A13B-4987-8839-8E0CBE8F3133}.Release|Any CPU.ActiveCfg = Release|Any CPU
	EndGlobalSection
	GlobalSection(SolutionProperties) = preSolution
		HideSolutionNode = FALSE
	EndGlobalSection
	GlobalSection(ExtensibilityGlobals) = postSolution
		SolutionGuid = {42A70F60-C5A2-4D75-A5EF-68435A1F33BA}
	EndGlobalSection
EndGlobal
